
Microsoft Visual Studio Solution File, Format Version 12.00
# Visual Studio Version 17
VisualStudioVersion = 17.10.35027.167
MinimumVisualStudioVersion = 10.0.40219.1
Project("{FAE04EC0-301F-11D3-BF4B-00C04F79EFBC}") = "MovieBackend", "MovieBackend\MovieBackend.csproj", "{A3D1C890-8CE0-4DC2-9FE0-8D0F6E5B93DA}"
EndProject
Global
	GlobalSection(SolutionConfigurationPlatforms) = preSolution
		Debug|Any CPU = Debug|Any CPU
		Release|Any CPU = Release|Any CPU
	EndGlobalSection
	GlobalSection(ProjectConfigurationPlatforms) = postSolution
		{A3D1C890-8CE0-4DC2-9FE0-8D0F6E5B93DA}.Debug|Any CPU.ActiveCfg = Debug|Any CPU
		{A3D1C890-8CE0-4DC2-9FE0-8D0F6E5B93DA}.Debug|Any CPU.Build.0 = Debug|Any CPU
		{A3D1C890-8CE0-4DC2-9FE0-8D0F6E5B93DA}.Release|Any CPU.ActiveCfg = Release|Any CPU
		{A3D1C890-8CE0-4DC2-9FE0-8D0F6E5B93DA}.Release|Any CPU.Build.0 = Release|Any CPU
	EndGlobalSection
	GlobalSection(SolutionProperties) = preSolution
		HideSolutionNode = FALSE
	EndGlobalSection
	GlobalSection(ExtensibilityGlobals) = postSolution
		SolutionGuid = {A23CAADE-A8C6-417E-85F4-DC27A80C8525}
	EndGlobalSection
EndGlobal
